
Microsoft Visual Studio Solution File, Format Version 12.00
# Visual Studio Version 16
VisualStudioVersion = 16.0.29613.14
MinimumVisualStudioVersion = 10.0.40219.1
Project("{FAE04EC0-301F-11D3-BF4B-00C04F79EFBC}") = "MoneroTransactionSniffer", "MoneroTransactionSniffer.csproj", "{8CEDD571-4D98-4A26-8504-F0DEE8944BAE}"
EndProject
Global
	GlobalSection(SolutionConfigurationPlatforms) = preSolution
		Debug|Any CPU = Debug|Any CPU
		Release|Any CPU = Release|Any CPU
	EndGlobalSection
	GlobalSection(ProjectConfigurationPlatforms) = postSolution
		{8CEDD571-4D98-4A26-8504-F0DEE8944BAE}.Debug|Any CPU.ActiveCfg = Debug|Any CPU
		{8CEDD571-4D98-4A26-8504-F0DEE8944BAE}.Debug|Any CPU.Build.0 = Debug|Any CPU
		{8CEDD571-4D98-4A26-8504-F0DEE8944BAE}.Release|Any CPU.ActiveCfg = Release|Any CPU
		{8CEDD571-4D98-4A26-8504-F0DEE8944BAE}.Release|Any CPU.Build.0 = Release|Any CPU
	EndGlobalSection
	GlobalSection(SolutionProperties) = preSolution
		HideSolutionNode = FALSE
	EndGlobalSection
	GlobalSection(ExtensibilityGlobals) = postSolution
		SolutionGuid = {FFED86BA-9F85-4A96-8E5D-E2EF3D5B1CCA}
	EndGlobalSection
EndGlobal
